Microsoft Visual Studio Solution File, Format Version 12.00
# Visual Studio 16
Project("{F184B08F-C81C-45F6-A57F-5ABD9991F28F}") = "CustomProjection", "CustomProjection\CustomProjection.Net5.vbproj", "{BF309E72-8F52-474F-BF57-D92AD2D089AE}"
EndProject
Global
	GlobalSection(SolutionConfigurationPlatforms) = preSolution
		Debug|Any CPU = Debug|Any CPU
		Release|Any CPU = Release|Any CPU
	EndGlobalSection
	GlobalSection(ProjectConfigurationPlatforms) = postSolution
		{BF309E72-8F52-474F-BF57-D92AD2D089AE}.Debug|Any CPU.ActiveCfg = Debug|Any CPU
		{BF309E72-8F52-474F-BF57-D92AD2D089AE}.Debug|Any CPU.Build.0 = Debug|Any CPU
		{BF309E72-8F52-474F-BF57-D92AD2D089AE}.Release|Any CPU.ActiveCfg = Release|Any CPU
		{BF309E72-8F52-474F-BF57-D92AD2D089AE}.Release|Any CPU.Build.0 = Release|Any CPU
	EndGlobalSection
	GlobalSection(SolutionProperties) = preSolution
		HideSolutionNode = FALSE
	EndGlobalSection
EndGlobal
